
Microsoft Visual Studio Solution File, Format Version 12.00
# Visual Studio 15
VisualStudioVersion = 15.0.28307.645
MinimumVisualStudioVersion = 10.0.40219.1
Project("{FAE04EC0-301F-11D3-BF4B-00C04F79EFBC}") = "Course", "Course\Course.csproj", "{12A347FA-B71A-45A9-8F73-AE5658F7792D}"
EndProject
Global
	GlobalSection(SolutionConfigurationPlatforms) = preSolution
		Debug|Any CPU = Debug|Any CPU
		Release|Any CPU = Release|Any CPU
	EndGlobalSection
	GlobalSection(ProjectConfigurationPlatforms) = postSolution
		{12A347FA-B71A-45A9-8F73-AE5658F7792D}.Debug|Any CPU.ActiveCfg = Debug|Any CPU
		{12A347FA-B71A-45A9-8F73-AE5658F7792D}.Debug|Any CPU.Build.0 = Debug|Any CPU
		{12A347FA-B71A-45A9-8F73-AE5658F7792D}.Release|Any CPU.ActiveCfg = Release|Any CPU
		{12A347FA-B71A-45A9-8F73-AE5658F7792D}.Release|Any CPU.Build.0 = Release|Any CPU
	EndGlobalSection
	GlobalSection(SolutionProperties) = preSolution
		HideSolutionNode = FALSE
	EndGlobalSection
	GlobalSection(ExtensibilityGlobals) = postSolution
		SolutionGuid = {AABE5F3E-5901-4851-A09B-6BDA9275E4D3}
	EndGlobalSection
EndGlobal
